Microsoft Visual Studio Solution File, Format Version 12.00
# Visual Studio Version 17
VisualStudioVersion = 17.5.2.0
MinimumVisualStudioVersion = 10.0.40219.1
Project("{FAE04EC0-301F-11D3-BF4B-00C04F79EFBC}") = "StackApp", "StackApp.csproj", "{F8156F5B-2C1C-0965-1FA4-7B17E30AEE88}"
EndProject
Global
	GlobalSection(SolutionConfigurationPlatforms) = preSolution
		Debug|Any CPU = Debug|Any CPU
		Release|Any CPU = Release|Any CPU
	EndGlobalSection
	GlobalSection(ProjectConfigurationPlatforms) = postSolution
		{F8156F5B-2C1C-0965-1FA4-7B17E30AEE88}.Debug|Any CPU.ActiveCfg = Debug|Any CPU
		{F8156F5B-2C1C-0965-1FA4-7B17E30AEE88}.Debug|Any CPU.Build.0 = Debug|Any CPU
		{F8156F5B-2C1C-0965-1FA4-7B17E30AEE88}.Release|Any CPU.ActiveCfg = Release|Any CPU
		{F8156F5B-2C1C-0965-1FA4-7B17E30AEE88}.Release|Any CPU.Build.0 = Release|Any CPU
	EndGlobalSection
	GlobalSection(SolutionProperties) = preSolution
		HideSolutionNode = FALSE
	EndGlobalSection
	GlobalSection(ExtensibilityGlobals) = postSolution
		SolutionGuid = {C616CA6D-9222-4F6C-987D-059443B18C98}
	EndGlobalSection
EndGlobal
